# THIS IS AN AUTOGENERATED FILE. DO NOT EDIT THIS FILE DIRECTLY.
# yarn lockfile v1


"@directus/sdk@^16.1.1":
  version "16.1.1"
  resolved "https://registry.yarnpkg.com/@directus/sdk/-/sdk-16.1.1.tgz#a701fe54a51ccb7e0badb8132a6d05acdbca544c"
  integrity sha512-vF/vk4PvyndxBE9SwININy3bfqjVPfQ35AXbsvDaJpE5OVclmQGbLqkYP6233GHqVUnveJDDUJssuz/QjeSYyQ==
  dependencies:
    "@directus/system-data" "1.1.0"

"@directus/system-data@1.1.0":
  version "1.1.0"
  resolved "https://registry.yarnpkg.com/@directus/system-data/-/system-data-1.1.0.tgz#0c9583a5220b3c0f3ecc7aba51eddee9875b805b"
  integrity sha512-ETOoTyUXHQJD1NemdlJSADm32GoljQGhZUbg8bB31GAmBnGghTx+E16zzcb1TxRHEqQhV7PfLOrtwEksSTIw8Q==

commander@^12.1.0:
  version "12.1.0"
  resolved "https://registry.yarnpkg.com/commander/-/commander-12.1.0.tgz#01423b36f501259fdaac4d0e4d60c96c991585d3"
  integrity sha512-Vw8qHK3bZM9y/P10u3Vib8o/DdkvA2OtPtZvD871QKjy74Wj1WSKFILMPRPSdUSx5RFK1arlJzEtA4PkFgnbuA==

destr@^2.0.3:
  version "2.0.3"
  resolved "https://registry.yarnpkg.com/destr/-/destr-2.0.3.tgz#7f9e97cb3d16dbdca7be52aca1644ce402cfe449"
  integrity sha512-2N3BOUU4gYMpTP24s5rF5iP7BDr7uNTCs4ozw3kf/eKfvWSIu93GEBi5m427YoyJoeOzQ5smuu4nNAPGb8idSQ==

node-fetch-native@^1.6.4:
  version "1.6.4"
  resolved "https://registry.yarnpkg.com/node-fetch-native/-/node-fetch-native-1.6.4.tgz#679fc8fd8111266d47d7e72c379f1bed9acff06e"
  integrity sha512-IhOigYzAKHd244OC0JIMIUrjzctirCmPkaIfhDeGcEETWof5zKYUW7e7MYvChGWh/4CJeXEgsRyGzuF334rOOQ==

ofetch@^1.4.0:
  version "1.4.0"
  resolved "https://registry.yarnpkg.com/ofetch/-/ofetch-1.4.0.tgz#89ef58fb673fbe2a87250973d4586ce7725e8399"
  integrity sha512-MuHgsEhU6zGeX+EMh+8mSMrYTnsqJQQrpM00Q6QHMKNqQ0bKy0B43tk8tL1wg+CnsSTy1kg4Ir2T5Ig6rD+dfQ==
  dependencies:
    destr "^2.0.3"
    node-fetch-native "^1.6.4"
    ufo "^1.5.4"

ufo@^1.5.4:
  version "1.5.4"
  resolved "https://registry.yarnpkg.com/ufo/-/ufo-1.5.4.tgz#16d6949674ca0c9e0fbbae1fa20a71d7b1ded754"
  integrity sha512-UsUk3byDzKd04EyoZ7U4DOlxQaD14JUKQl6/P7wiX4FNvUfm3XL246n9W5AmqwW5RSFJ27NAuM0iLscAOYUiGQ==
